// !$*UTF8*$!
{
	archiveVersion = 1;
	classes = {
	};
	objectVersion = 46;
	objects = {

/* Begin PBXBuildFile section */
		56199C331F55E6A300F75EBA /* AppDelegate.swift in Sources */ = {isa = PBXBuildFile; fileRef = 56199C321F55E6A300F75EBA /* AppDelegate.swift */; };
		56199C381F55E6A300F75EBA /* Main.storyboard in Resources */ = {isa = PBXBuildFile; fileRef = 56199C361F55E6A300F75EBA /* Main.storyboard */; };
		56199C3B1F55E6A300F75EBA /* homelib.xcdatamodeld in Sources */ = {isa = PBXBuildFile; fileRef = 56199C391F55E6A300F75EBA /* homelib.xcdatamodeld */; };
		56199C3D1F55E6A300F75EBA /* Assets.xcassets in Resources */ = {isa = PBXBuildFile; fileRef = 56199C3C1F55E6A300F75EBA /* Assets.xcassets */; };
		56199C401F55E6A300F75EBA /* LaunchScreen.storyboard in Resources */ = {isa = PBXBuildFile; fileRef = 56199C3E1F55E6A300F75EBA /* LaunchScreen.storyboard */; };
		567428EF2020176D004C09EC /* MyBooksVC.swift in Sources */ = {isa = PBXBuildFile; fileRef = 567428EE2020176D004C09EC /* MyBooksVC.swift */; };
		567428F1202019E2004C09EC /* LoanedListVC.swift in Sources */ = {isa = PBXBuildFile; fileRef = 567428F0202019E1004C09EC /* LoanedListVC.swift */; };
		567428F720202576004C09EC /* StyleGuide.swift in Sources */ = {isa = PBXBuildFile; fileRef = 567428F620202576004C09EC /* StyleGuide.swift */; };
		569E2C822032E95B0092A8ED /* BookDetailsVC.swift in Sources */ = {isa = PBXBuildFile; fileRef = 569E2C812032E95B0092A8ED /* BookDetailsVC.swift */; };
		569E2C88203308450092A8ED /* BookTitleTableViewCell.swift in Sources */ = {isa = PBXBuildFile; fileRef = 569E2C87203308450092A8ED /* BookTitleTableViewCell.swift */; };
		569E2C8A20338CFE0092A8ED /* NotesTableViewCell.swift in Sources */ = {isa = PBXBuildFile; fileRef = 569E2C8920338CFE0092A8ED /* NotesTableViewCell.swift */; };
		569E2C8C2033919B0092A8ED /* TextTableViewCell.swift in Sources */ = {isa = PBXBuildFile; fileRef = 569E2C8B2033919B0092A8ED /* TextTableViewCell.swift */; };
		569E2C90203391F00092A8ED /* ButtonTableViewCell.swift in Sources */ = {isa = PBXBuildFile; fileRef = 569E2C8F203391F00092A8ED /* ButtonTableViewCell.swift */; };
		569E2C922033FE990092A8ED /* LoanBookVC.swift in Sources */ = {isa = PBXBuildFile; fileRef = 569E2C912033FE990092A8ED /* LoanBookVC.swift */; };
		569E2C9420342EFD0092A8ED /* ReadingStatusTVC.swift in Sources */ = {isa = PBXBuildFile; fileRef = 569E2C9320342EFD0092A8ED /* ReadingStatusTVC.swift */; };
		569E2C96203436150092A8ED /* StatusChangeVC.swift in Sources */ = {isa = PBXBuildFile; fileRef = 569E2C95203436150092A8ED /* StatusChangeVC.swift */; };
		569E2C9820343B890092A8ED /* ChangeReadingStatusTVC.swift in Sources */ = {isa = PBXBuildFile; fileRef = 569E2C9720343B890092A8ED /* ChangeReadingStatusTVC.swift */; };
		569E2C9A2034C2900092A8ED /* ContactListTVC.swift in Sources */ = {isa = PBXBuildFile; fileRef = 569E2C992034C2900092A8ED /* ContactListTVC.swift */; };
		569E2CA220352BC70092A8ED /* DatabaseHelper.swift in Sources */ = {isa = PBXBuildFile; fileRef = 569E2CA120352BC70092A8ED /* DatabaseHelper.swift */; };
		569E2CA82035887E0092A8ED /* AboutVC.swift in Sources */ = {isa = PBXBuildFile; fileRef = 569E2CA72035887E0092A8ED /* AboutVC.swift */; };
		569E2CAA2035A5710092A8ED /* LoanBookTVC.swift in Sources */ = {isa = PBXBuildFile; fileRef = 569E2CA92035A5710092A8ED /* LoanBookTVC.swift */; };
		569E2CAC2035FAFC0092A8ED /* SortTableViewCell.swift in Sources */ = {isa = PBXBuildFile; fileRef = 569E2CAB2035FAFC0092A8ED /* SortTableViewCell.swift */; };
		569E2CB020360DB50092A8ED /* SortBy.swift in Sources */ = {isa = PBXBuildFile; fileRef = 569E2CAF20360DB50092A8ED /* SortBy.swift */; };
		56CCF6802024F1D000D5B8BE /* AddBookVC.swift in Sources */ = {isa = PBXBuildFile; fileRef = 56CCF67F2024F1D000D5B8BE /* AddBookVC.swift */; };
		56F4734E202CD5AC006DC43B /* Books.swift in Sources */ = {isa = PBXBuildFile; fileRef = 56F4734D202CD5AC006DC43B /* Books.swift */; };
		56FC6D85202E352F00AF4527 /* BookDisplayCustomCell.swift in Sources */ = {isa = PBXBuildFile; fileRef = 56FC6D84202E352F00AF4527 /* BookDisplayCustomCell.swift */; };
		56FC6E352030DFFC00AF4527 /* BarcodeScannerVC.swift in Sources */ = {isa = PBXBuildFile; fileRef = 56FC6E342030DFFC00AF4527 /* BarcodeScannerVC.swift */; };
		56FC6E37203237BB00AF4527 /* Functions.swift in Sources */ = {isa = PBXBuildFile; fileRef = 56FC6E36203237BB00AF4527 /* Functions.swift */; };
		56FE60D62122AF4A00A9799C /* APIKey.swift in Sources */ = {isa = PBXBuildFile; fileRef = 56FE60D52122AF4A00A9799C /* APIKey.swift */; };
		56FE60D82122BC7D00A9799C /* Constants.swift in Sources */ = {isa = PBXBuildFile; fileRef = 56FE60D72122BC7D00A9799C /* Constants.swift */; };
		56FE60DA2123970E00A9799C /* SortVC.swift in Sources */ = {isa = PBXBuildFile; fileRef = 56FE60D92123970E00A9799C /* SortVC.swift */; };
		FFE6EC5AF85684665542E9B8 /* Pods_homelib.framework in Frameworks */ = {isa = PBXBuildFile; fileRef = A918D2EBF6E4A772EBA628EC /* Pods_homelib.framework */; };
/* End PBXBuildFile section */

/* Begin PBXFileReference section */
		56199C2F1F55E6A300F75EBA /* homelib.app */ = {isa = PBXFileReference; explicitFileType = wrapper.application; includeInIndex = 0; path = homelib.app; sourceTree = BUILT_PRODUCTS_DIR; };
		56199C321F55E6A300F75EBA /* AppDelegate.swift */ = {isa = PBXFileReference; lastKnownFileType = sourcecode.swift; path = AppDelegate.swift; sourceTree = "<group>"; };
		56199C371F55E6A300F75EBA /* Base */ = {isa = PBXFileReference; lastKnownFileType = file.storyboard; name = Base; path = Base.lproj/Main.storyboard; sourceTree = "<group>"; };
		56199C3A1F55E6A300F75EBA /* homelib.xcdatamodel */ = {isa = PBXFileReference; lastKnownFileType = wrapper.xcdatamodel; path = homelib.xcdatamodel; sourceTree = "<group>"; };
		56199C3C1F55E6A300F75EBA /* Assets.xcassets */ = {isa = PBXFileReference; lastKnownFileType = folder.assetcatalog; path = Assets.xcassets; sourceTree = "<group>"; };
		56199C3F1F55E6A300F75EBA /* Base */ = {isa = PBXFileReference; lastKnownFileType = file.storyboard; name = Base; path = Base.lproj/LaunchScreen.storyboard; sourceTree = "<group>"; };
		56199C411F55E6A300F75EBA /* Info.plist */ = {isa = PBXFileReference; lastKnownFileType = text.plist.xml; path = Info.plist; sourceTree = "<group>"; };
		567428EE2020176D004C09EC /* MyBooksVC.swift */ = {isa = PBXFileReference; fileEncoding = 4; lastKnownFileType = sourcecode.swift; path = MyBooksVC.swift; sourceTree = "<group>"; };
		567428F0202019E1004C09EC /* LoanedListVC.swift */ = {isa = PBXFileReference; fileEncoding = 4; lastKnownFileType = sourcecode.swift; path = LoanedListVC.swift; sourceTree = "<group>"; };
		567428F620202576004C09EC /* StyleGuide.swift */ = {isa = PBXFileReference; fileEncoding = 4; lastKnownFileType = sourcecode.swift; path = StyleGuide.swift; sourceTree = "<group>"; };
		569E2C812032E95B0092A8ED /* BookDetailsVC.swift */ = {isa = PBXFileReference; lastKnownFileType = sourcecode.swift; path = BookDetailsVC.swift; sourceTree = "<group>"; };
		569E2C87203308450092A8ED /* BookTitleTableViewCell.swift */ = {isa = PBXFileReference; lastKnownFileType = sourcecode.swift; path = BookTitleTableViewCell.swift; sourceTree = "<group>"; };
		569E2C8920338CFE0092A8ED /* NotesTableViewCell.swift */ = {isa = PBXFileReference; lastKnownFileType = sourcecode.swift; path = NotesTableViewCell.swift; sourceTree = "<group>"; };
		569E2C8B2033919B0092A8ED /* TextTableViewCell.swift */ = {isa = PBXFileReference; lastKnownFileType = sourcecode.swift; path = TextTableViewCell.swift; sourceTree = "<group>"; };
		569E2C8F203391F00092A8ED /* ButtonTableViewCell.swift */ = {isa = PBXFileReference; lastKnownFileType = sourcecode.swift; path = ButtonTableViewCell.swift; sourceTree = "<group>"; };
		569E2C912033FE990092A8ED /* LoanBookVC.swift */ = {isa = PBXFileReference; lastKnownFileType = sourcecode.swift; path = LoanBookVC.swift; sourceTree = "<group>"; };
		569E2C9320342EFD0092A8ED /* ReadingStatusTVC.swift */ = {isa = PBXFileReference; lastKnownFileType = sourcecode.swift; path = ReadingStatusTVC.swift; sourceTree = "<group>"; };
		569E2C95203436150092A8ED /* StatusChangeVC.swift */ = {isa = PBXFileReference; lastKnownFileType = sourcecode.swift; path = StatusChangeVC.swift; sourceTree = "<group>"; };
		569E2C9720343B890092A8ED /* ChangeReadingStatusTVC.swift */ = {isa = PBXFileReference; lastKnownFileType = sourcecode.swift; path = ChangeReadingStatusTVC.swift; sourceTree = "<group>"; };
		569E2C992034C2900092A8ED /* ContactListTVC.swift */ = {isa = PBXFileReference; lastKnownFileType = sourcecode.swift; path = ContactListTVC.swift; sourceTree = "<group>"; };
		569E2CA120352BC70092A8ED /* DatabaseHelper.swift */ = {isa = PBXFileReference; lastKnownFileType = sourcecode.swift; path = DatabaseHelper.swift; sourceTree = "<group>"; };
		569E2CA72035887E0092A8ED /* AboutVC.swift */ = {isa = PBXFileReference; lastKnownFileType = sourcecode.swift; path = AboutVC.swift; sourceTree = "<group>"; };
		569E2CA92035A5710092A8ED /* LoanBookTVC.swift */ = {isa = PBXFileReference; lastKnownFileType = sourcecode.swift; path = LoanBookTVC.swift; sourceTree = "<group>"; };
		569E2CAB2035FAFC0092A8ED /* SortTableViewCell.swift */ = {isa = PBXFileReference; lastKnownFileType = sourcecode.swift; path = SortTableViewCell.swift; sourceTree = "<group>"; };
		569E2CAF20360DB50092A8ED /* SortBy.swift */ = {isa = PBXFileReference; lastKnownFileType = sourcecode.swift; path = SortBy.swift; sourceTree = "<group>"; };
		56CCF67F2024F1D000D5B8BE /* AddBookVC.swift */ = {isa = PBXFileReference; lastKnownFileType = sourcecode.swift; path = AddBookVC.swift; sourceTree = "<group>"; };
		56F4734D202CD5AC006DC43B /* Books.swift */ = {isa = PBXFileReference; lastKnownFileType = sourcecode.swift; path = Books.swift; sourceTree = "<group>"; };
		56FC6D84202E352F00AF4527 /* BookDisplayCustomCell.swift */ = {isa = PBXFileReference; lastKnownFileType = sourcecode.swift; path = BookDisplayCustomCell.swift; sourceTree = "<group>"; };
		56FC6E342030DFFC00AF4527 /* BarcodeScannerVC.swift */ = {isa = PBXFileReference; lastKnownFileType = sourcecode.swift; path = BarcodeScannerVC.swift; sourceTree = "<group>"; };
		56FC6E36203237BB00AF4527 /* Functions.swift */ = {isa = PBXFileReference; lastKnownFileType = sourcecode.swift; path = Functions.swift; sourceTree = "<group>"; };
		56FE60D52122AF4A00A9799C /* APIKey.swift */ = {isa = PBXFileReference; lastKnownFileType = sourcecode.swift; path = APIKey.swift; sourceTree = "<group>"; };
		56FE60D72122BC7D00A9799C /* Constants.swift */ = {isa = PBXFileReference; lastKnownFileType = sourcecode.swift; path = Constants.swift; sourceTree = "<group>"; };
		56FE60D92123970E00A9799C /* SortVC.swift */ = {isa = PBXFileReference; lastKnownFileType = sourcecode.swift; path = SortVC.swift; sourceTree = "<group>"; };
		7FA12017ECC827C9B31C61DD /* Pods-homelib.debug.xcconfig */ = {isa = PBXFileReference; includeInIndex = 1; lastKnownFileType = text.xcconfig; name = "Pods-homelib.debug.xcconfig"; path = "Pods/Target Support Files/Pods-homelib/Pods-homelib.debug.xcconfig"; sourceTree = "<group>"; };
		A918D2EBF6E4A772EBA628EC /* Pods_homelib.framework */ = {isa = PBXFileReference; explicitFileType = wrapper.framework; includeInIndex = 0; path = Pods_homelib.framework; sourceTree = BUILT_PRODUCTS_DIR; };
		B2584394D546CC93717D10E4 /* Pods-homelib.release.xcconfig */ = {isa = PBXFileReference; includeInIndex = 1; lastKnownFileType = text.xcconfig; name = "Pods-homelib.release.xcconfig"; path = "Pods/Target Support Files/Pods-homelib/Pods-homelib.release.xcconfig"; sourceTree = "<group>"; };
/* End PBXFileReference section */

/* Begin PBXFrameworksBuildPhase section */
		56199C2C1F55E6A300F75EBA /* Frameworks */ = {
			isa = PBXFrameworksBuildPhase;
			buildActionMask = 2147483647;
			files = (
				FFE6EC5AF85684665542E9B8 /* Pods_homelib.framework in Frameworks */,
			);
			runOnlyForDeploymentPostprocessing = 0;
		};
/* End PBXFrameworksBuildPhase section */

/* Begin PBXGroup section */
		56199C261F55E6A300F75EBA = {
			isa = PBXGroup;
			children = (
				56199C311F55E6A300F75EBA /* homelib */,
				56199C301F55E6A300F75EBA /* Products */,
				87040B55B6BAD30B654EA849 /* Pods */,
				A91484A35D0407C7E89B7D73 /* Frameworks */,
			);
			sourceTree = "<group>";
		};
		56199C301F55E6A300F75EBA /* Products */ = {
			isa = PBXGroup;
			children = (
				56199C2F1F55E6A300F75EBA /* homelib.app */,
			);
			name = Products;
			sourceTree = "<group>";
		};
		56199C311F55E6A300F75EBA /* homelib */ = {
			isa = PBXGroup;
			children = (
				56FE60D42122AEFB00A9799C /* Utilities */,
				56FC6D83202E351200AF4527 /* View */,
				56F4734C202C346D006DC43B /* ViewControllers */,
				56F47349202C319B006DC43B /* Model */,
				56F47348202C2D91006DC43B /* Helpers */,
				56199C321F55E6A300F75EBA /* AppDelegate.swift */,
				56199C361F55E6A300F75EBA /* Main.storyboard */,
				56199C3C1F55E6A300F75EBA /* Assets.xcassets */,
				56199C3E1F55E6A300F75EBA /* LaunchScreen.storyboard */,
				56199C411F55E6A300F75EBA /* Info.plist */,
				56199C391F55E6A300F75EBA /* homelib.xcdatamodeld */,
			);
			path = homelib;
			sourceTree = "<group>";
		};
		56F47348202C2D91006DC43B /* Helpers */ = {
			isa = PBXGroup;
			children = (
				567428F620202576004C09EC /* StyleGuide.swift */,
				56FC6E36203237BB00AF4527 /* Functions.swift */,
				569E2CA120352BC70092A8ED /* DatabaseHelper.swift */,
				569E2CAF20360DB50092A8ED /* SortBy.swift */,
			);
			path = Helpers;
			sourceTree = "<group>";
		};
		56F47349202C319B006DC43B /* Model */ = {
			isa = PBXGroup;
			children = (
				56F4734D202CD5AC006DC43B /* Books.swift */,
			);
			path = Model;
			sourceTree = "<group>";
		};
		56F4734C202C346D006DC43B /* ViewControllers */ = {
			isa = PBXGroup;
			children = (
				567428EE2020176D004C09EC /* MyBooksVC.swift */,
				567428F0202019E1004C09EC /* LoanedListVC.swift */,
				56CCF67F2024F1D000D5B8BE /* AddBookVC.swift */,
				56FC6E342030DFFC00AF4527 /* BarcodeScannerVC.swift */,
				569E2C812032E95B0092A8ED /* BookDetailsVC.swift */,
				569E2C912033FE990092A8ED /* LoanBookVC.swift */,
				569E2C95203436150092A8ED /* StatusChangeVC.swift */,
				569E2CA72035887E0092A8ED /* AboutVC.swift */,
				56FE60D92123970E00A9799C /* SortVC.swift */,
			);
			path = ViewControllers;
			sourceTree = "<group>";
		};
		56FC6D83202E351200AF4527 /* View */ = {
			isa = PBXGroup;
			children = (
				56FC6D84202E352F00AF4527 /* BookDisplayCustomCell.swift */,
				569E2C87203308450092A8ED /* BookTitleTableViewCell.swift */,
				569E2C8920338CFE0092A8ED /* NotesTableViewCell.swift */,
				569E2C8B2033919B0092A8ED /* TextTableViewCell.swift */,
				569E2C8F203391F00092A8ED /* ButtonTableViewCell.swift */,
				569E2C9320342EFD0092A8ED /* ReadingStatusTVC.swift */,
				569E2C9720343B890092A8ED /* ChangeReadingStatusTVC.swift */,
				569E2C992034C2900092A8ED /* ContactListTVC.swift */,
				569E2CA92035A5710092A8ED /* LoanBookTVC.swift */,
				569E2CAB2035FAFC0092A8ED /* SortTableViewCell.swift */,
			);
			path = View;
			sourceTree = "<group>";
		};
		56FE60D42122AEFB00A9799C /* Utilities */ = {
			isa = PBXGroup;
			children = (
				56FE60D52122AF4A00A9799C /* APIKey.swift */,
				56FE60D72122BC7D00A9799C /* Constants.swift */,
			);
			path = Utilities;
			sourceTree = "<group>";
		};
		87040B55B6BAD30B654EA849 /* Pods */ = {
			isa = PBXGroup;
			children = (
				7FA12017ECC827C9B31C61DD /* Pods-homelib.debug.xcconfig */,
				B2584394D546CC93717D10E4 /* Pods-homelib.release.xcconfig */,
			);
			name = Pods;
			sourceTree = "<group>";
		};
		A91484A35D0407C7E89B7D73 /* Frameworks */ = {
			isa = PBXGroup;
			children = (
				A918D2EBF6E4A772EBA628EC /* Pods_homelib.framework */,
			);
			name = Frameworks;
			sourceTree = "<group>";
		};
/* End PBXGroup section */

/* Begin PBXNativeTarget section */
		56199C2E1F55E6A300F75EBA /* homelib */ = {
			isa = PBXNativeTarget;
			buildConfigurationList = 56199C441F55E6A300F75EBA /* Build configuration list for PBXNativeTarget "homelib" */;
			buildPhases = (
				ED0B7B973470E2A9F9E06293 /* [CP] Check Pods Manifest.lock */,
				56199C2B1F55E6A300F75EBA /* Sources */,
				56199C2C1F55E6A300F75EBA /* Frameworks */,
				56199C2D1F55E6A300F75EBA /* Resources */,
				D246F65E9DE034D2852C7047 /* [CP] Embed Pods Frameworks */,
				63F6A97C0E2EC7562101DDDA /* [CP] Copy Pods Resources */,
			);
			buildRules = (
			);
			dependencies = (
			);
			name = homelib;
			productName = homelib;
			productReference = 56199C2F1F55E6A300F75EBA /* homelib.app */;
			productType = "com.apple.product-type.application";
		};
/* End PBXNativeTarget section */

/* Begin PBXProject section */
		56199C271F55E6A300F75EBA /* Project object */ = {
			isa = PBXProject;
			attributes = {
				LastSwiftUpdateCheck = 0830;
				LastUpgradeCheck = 0920;
				ORGANIZATIONNAME = "Shalu Scaria";
				TargetAttributes = {
					56199C2E1F55E6A300F75EBA = {
						CreatedOnToolsVersion = 8.3.2;
						DevelopmentTeam = 8FAL99WJ93;
						LastSwiftMigration = 0920;
						ProvisioningStyle = Automatic;
					};
				};
			};
			buildConfigurationList = 56199C2A1F55E6A300F75EBA /* Build configuration list for PBXProject "homelib" */;
			compatibilityVersion = "Xcode 3.2";
			developmentRegion = English;
			hasScannedForEncodings = 0;
			knownRegions = (
				en,
				Base,
			);
			mainGroup = 56199C261F55E6A300F75EBA;
			productRefGroup = 56199C301F55E6A300F75EBA /* Products */;
			projectDirPath = "";
			projectRoot = "";
			targets = (
				56199C2E1F55E6A300F75EBA /* homelib */,
			);
		};
/* End PBXProject section */

/* Begin PBXResourcesBuildPhase section */
		56199C2D1F55E6A300F75EBA /* Resources */ = {
			isa = PBXResourcesBuildPhase;
			buildActionMask = 2147483647;
			files = (
				56199C401F55E6A300F75EBA /* LaunchScreen.storyboard in Resources */,
				56199C3D1F55E6A300F75EBA /* Assets.xcassets in Resources */,
				56199C381F55E6A300F75EBA /* Main.storyboard in Resources */,
			);
			runOnlyForDeploymentPostprocessing = 0;
		};
/* End PBXResourcesBuildPhase section */

/* Begin PBXShellScriptBuildPhase section */
		63F6A97C0E2EC7562101DDDA /* [CP] Copy Pods Resources */ = {
			isa = PBXShellScriptBuildPhase;
			buildActionMask = 2147483647;
			files = (
			);
			inputPaths = (
			);
			name = "[CP] Copy Pods Resources";
			outputPaths = (
			);
			runOnlyForDeploymentPostprocessing = 0;
			shellPath = /bin/sh;
			shellScript = "\"${SRCROOT}/Pods/Target Support Files/Pods-homelib/Pods-homelib-resources.sh\"\n";
			showEnvVarsInLog = 0;
		};
		D246F65E9DE034D2852C7047 /* [CP] Embed Pods Frameworks */ = {
			isa = PBXShellScriptBuildPhase;
			buildActionMask = 2147483647;
			files = (
			);
			inputPaths = (
				"${SRCROOT}/Pods/Target Support Files/Pods-homelib/Pods-homelib-frameworks.sh",
				"${BUILT_PRODUCTS_DIR}/Alamofire/Alamofire.framework",
				"${BUILT_PRODUCTS_DIR}/SwiftyJSON/SwiftyJSON.framework",
			);
			name = "[CP] Embed Pods Frameworks";
			outputPaths = (
				"${TARGET_BUILD_DIR}/${FRAMEWORKS_FOLDER_PATH}/Alamofire.framework",
				"${TARGET_BUILD_DIR}/${FRAMEWORKS_FOLDER_PATH}/SwiftyJSON.framework",
			);
			runOnlyForDeploymentPostprocessing = 0;
			shellPath = /bin/sh;
			shellScript = "\"${SRCROOT}/Pods/Target Support Files/Pods-homelib/Pods-homelib-frameworks.sh\"\n";
			showEnvVarsInLog = 0;
		};
		ED0B7B973470E2A9F9E06293 /* [CP] Check Pods Manifest.lock */ = {
			isa = PBXShellScriptBuildPhase;
			buildActionMask = 2147483647;
			files = (
			);
			inputPaths = (
				"${PODS_PODFILE_DIR_PATH}/Podfile.lock",
				"${PODS_ROOT}/Manifest.lock",
			);
			name = "[CP] Check Pods Manifest.lock";
			outputPaths = (
				"$(DERIVED_FILE_DIR)/Pods-homelib-checkManifestLockResult.txt",
			);
			runOnlyForDeploymentPostprocessing = 0;
			shellPath = /bin/sh;
			shellScript = "diff \"${PODS_PODFILE_DIR_PATH}/Podfile.lock\" \"${PODS_ROOT}/Manifest.lock\" > /dev/null\nif [ $? != 0 ] ; then\n    # print error to STDERR\n    echo \"error: The sandbox is not in sync with the Podfile.lock. Run 'pod install' or update your CocoaPods installation.\" >&2\n    exit 1\nfi\n# This output is used by Xcode 'outputs' to avoid re-running this script phase.\necho \"SUCCESS\" > \"${SCRIPT_OUTPUT_FILE_0}\"\n";
			showEnvVarsInLog = 0;
		};
/* End PBXShellScriptBuildPhase section */

/* Begin PBXSourcesBuildPhase section */
		56199C2B1F55E6A300F75EBA /* Sources */ = {
			isa = PBXSourcesBuildPhase;
			buildActionMask = 2147483647;
			files = (
				569E2CB020360DB50092A8ED /* SortBy.swift in Sources */,
				569E2C9820343B890092A8ED /* ChangeReadingStatusTVC.swift in Sources */,
				569E2C9420342EFD0092A8ED /* ReadingStatusTVC.swift in Sources */,
				56FC6E352030DFFC00AF4527 /* BarcodeScannerVC.swift in Sources */,
				569E2C96203436150092A8ED /* StatusChangeVC.swift in Sources */,
				56FE60D82122BC7D00A9799C /* Constants.swift in Sources */,
				569E2CA220352BC70092A8ED /* DatabaseHelper.swift in Sources */,
				56F4734E202CD5AC006DC43B /* Books.swift in Sources */,
				56199C3B1F55E6A300F75EBA /* homelib.xcdatamodeld in Sources */,
				569E2C922033FE990092A8ED /* LoanBookVC.swift in Sources */,
				567428EF2020176D004C09EC /* MyBooksVC.swift in Sources */,
				56FC6E37203237BB00AF4527 /* Functions.swift in Sources */,
				569E2C8A20338CFE0092A8ED /* NotesTableViewCell.swift in Sources */,
				569E2C8C2033919B0092A8ED /* TextTableViewCell.swift in Sources */,
				56FE60DA2123970E00A9799C /* SortVC.swift in Sources */,
				569E2CAA2035A5710092A8ED /* LoanBookTVC.swift in Sources */,
				569E2CA82035887E0092A8ED /* AboutVC.swift in Sources */,
				56FC6D85202E352F00AF4527 /* BookDisplayCustomCell.swift in Sources */,
				569E2C88203308450092A8ED /* BookTitleTableViewCell.swift in Sources */,
				569E2CAC2035FAFC0092A8ED /* SortTableViewCell.swift in Sources */,
				56FE60D62122AF4A00A9799C /* APIKey.swift in Sources */,
				56199C331F55E6A300F75EBA /* AppDelegate.swift in Sources */,
				569E2C822032E95B0092A8ED /* BookDetailsVC.swift in Sources */,
				56CCF6802024F1D000D5B8BE /* AddBookVC.swift in Sources */,
				567428F1202019E2004C09EC /* LoanedListVC.swift in Sources */,
				569E2C9A2034C2900092A8ED /* ContactListTVC.swift in Sources */,
				567428F720202576004C09EC /* StyleGuide.swift in Sources */,
				569E2C90203391F00092A8ED /* ButtonTableViewCell.swift in Sources */,
			);
			runOnlyForDeploymentPostprocessing = 0;
		};
/* End PBXSourcesBuildPhase section */

/* Begin PBXVariantGroup section */
		56199C361F55E6A300F75EBA /* Main.storyboard */ = {
			isa = PBXVariantGroup;
			children = (
				56199C371F55E6A300F75EBA /* Base */,
			);
			name = Main.storyboard;
			sourceTree = "<group>";
		};
		56199C3E1F55E6A300F75EBA /* LaunchScreen.storyboard */ = {
			isa = PBXVariantGroup;
			children = (
				56199C3F1F55E6A300F75EBA /* Base */,
			);
			name = LaunchScreen.storyboard;
			sourceTree = "<group>";
		};
/* End PBXVariantGroup section */

/* Begin XCBuildConfiguration section */
		56199C421F55E6A300F75EBA /* Debug */ = {
			isa = XCBuildConfiguration;
			buildSettings = {
				ALWAYS_SEARCH_USER_PATHS = NO;
				CLANG_ANALYZER_NONNULL = YES;
				CLANG_ANALYZER_NUMBER_OBJECT_CONVERSION = YES_AGGRESSIVE;
				CLANG_CXX_LANGUAGE_STANDARD = "gnu++0x";
				CLANG_CXX_LIBRARY = "libc++";
				CLANG_ENABLE_MODULES = YES;
				CLANG_ENABLE_OBJC_ARC = YES;
				CLANG_WARN_BLOCK_CAPTURE_AUTORELEASING = YES;
				CLANG_WARN_BOOL_CONVERSION = YES;
				CLANG_WARN_COMMA = YES;
				CLANG_WARN_CONSTANT_CONVERSION = YES;
				CLANG_WARN_DIRECT_OBJC_ISA_USAGE = YES_ERROR;
				CLANG_WARN_DOCUMENTATION_COMMENTS = YES;
				CLANG_WARN_EMPTY_BODY = YES;
				CLANG_WARN_ENUM_CONVERSION = YES;
				CLANG_WARN_INFINITE_RECURSION = YES;
				CLANG_WARN_INT_CONVERSION = YES;
				CLANG_WARN_NON_LITERAL_NULL_CONVERSION = YES;
				CLANG_WARN_OBJC_LITERAL_CONVERSION = YES;
				CLANG_WARN_OBJC_ROOT_CLASS = YES_ERROR;
				CLANG_WARN_RANGE_LOOP_ANALYSIS = YES;
				CLANG_WARN_STRICT_PROTOTYPES = YES;
				CLANG_WARN_SUSPICIOUS_MOVE = YES;
				CLANG_WARN_UNREACHABLE_CODE = YES;
				CLANG_WARN__DUPLICATE_METHOD_MATCH = YES;
				"CODE_SIGN_IDENTITY[sdk=iphoneos*]" = "iPhone Developer";
				COPY_PHASE_STRIP = NO;
				DEBUG_INFORMATION_FORMAT = dwarf;
				ENABLE_STRICT_OBJC_MSGSEND = YES;
				ENABLE_TESTABILITY = YES;
				GCC_C_LANGUAGE_STANDARD = gnu99;
				GCC_DYNAMIC_NO_PIC = NO;
				GCC_NO_COMMON_BLOCKS = YES;
				GCC_OPTIMIZATION_LEVEL = 0;
				GCC_PREPROCESSOR_DEFINITIONS = (
					"DEBUG=1",
					"$(inherited)",
				);
				GCC_WARN_64_TO_32_BIT_CONVERSION = YES;
				GCC_WARN_ABOUT_RETURN_TYPE = YES_ERROR;
				GCC_WARN_UNDECLARED_SELECTOR = YES;
				GCC_WARN_UNINITIALIZED_AUTOS = YES_AGGRESSIVE;
				GCC_WARN_UNUSED_FUNCTION = YES;
				GCC_WARN_UNUSED_VARIABLE = YES;
				IPHONEOS_DEPLOYMENT_TARGET = 10.3;
				MTL_ENABLE_DEBUG_INFO = YES;
				ONLY_ACTIVE_ARCH = YES;
				SDKROOT = iphoneos;
				SWIFT_ACTIVE_COMPILATION_CONDITIONS = DEBUG;
				SWIFT_OPTIMIZATION_LEVEL = "-Onone";
			};
			name = Debug;
		};
		56199C431F55E6A300F75EBA /* Release */ = {
			isa = XCBuildConfiguration;
			buildSettings = {
				ALWAYS_SEARCH_USER_PATHS = NO;
				CLANG_ANALYZER_NONNULL = YES;
				CLANG_ANALYZER_NUMBER_OBJECT_CONVERSION = YES_AGGRESSIVE;
				CLANG_CXX_LANGUAGE_STANDARD = "gnu++0x";
				CLANG_CXX_LIBRARY = "libc++";
				CLANG_ENABLE_MODULES = YES;
				CLANG_ENABLE_OBJC_ARC = YES;
				CLANG_WARN_BLOCK_CAPTURE_AUTORELEASING = YES;
				CLANG_WARN_BOOL_CONVERSION = YES;
				CLANG_WARN_COMMA = YES;
				CLANG_WARN_CONSTANT_CONVERSION = YES;
				CLANG_WARN_DIRECT_OBJC_ISA_USAGE = YES_ERROR;
				CLANG_WARN_DOCUMENTATION_COMMENTS = YES;
				CLANG_WARN_EMPTY_BODY = YES;
				CLANG_WARN_ENUM_CONVERSION = YES;
				CLANG_WARN_INFINITE_RECURSION = YES;
				CLANG_WARN_INT_CONVERSION = YES;
				CLANG_WARN_NON_LITERAL_NULL_CONVERSION = YES;
				CLANG_WARN_OBJC_LITERAL_CONVERSION = YES;
				CLANG_WARN_OBJC_ROOT_CLASS = YES_ERROR;
				CLANG_WARN_RANGE_LOOP_ANALYSIS = YES;
				CLANG_WARN_STRICT_PROTOTYPES = YES;
				CLANG_WARN_SUSPICIOUS_MOVE = YES;
				CLANG_WARN_UNREACHABLE_CODE = YES;
				CLANG_WARN__DUPLICATE_METHOD_MATCH = YES;
				"CODE_SIGN_IDENTITY[sdk=iphoneos*]" = "iPhone Developer";
				COPY_PHASE_STRIP = NO;
				DEBUG_INFORMATION_FORMAT = "dwarf-with-dsym";
				ENABLE_NS_ASSERTIONS = NO;
				ENABLE_STRICT_OBJC_MSGSEND = YES;
				GCC_C_LANGUAGE_STANDARD = gnu99;
				GCC_NO_COMMON_BLOCKS = YES;
				GCC_WARN_64_TO_32_BIT_CONVERSION = YES;
				GCC_WARN_ABOUT_RETURN_TYPE = YES_ERROR;
				GCC_WARN_UNDECLARED_SELECTOR = YES;
				GCC_WARN_UNINITIALIZED_AUTOS = YES_AGGRESSIVE;
				GCC_WARN_UNUSED_FUNCTION = YES;
				GCC_WARN_UNUSED_VARIABLE = YES;
				IPHONEOS_DEPLOYMENT_TARGET = 10.3;
				MTL_ENABLE_DEBUG_INFO = NO;
				SDKROOT = iphoneos;
				SWIFT_OPTIMIZATION_LEVEL = "-Owholemodule";
				VALIDATE_PRODUCT = YES;
			};
			name = Release;
		};
		56199C451F55E6A300F75EBA /* Debug */ = {
			isa = XCBuildConfiguration;
			baseConfigurationReference = 7FA12017ECC827C9B31C61DD /* Pods-homelib.debug.xcconfig */;
			buildSettings = {
				ASSETCATALOG_COMPILER_APPICON_NAME = AppIcon;
				DEVELOPMENT_TEAM = 8FAL99WJ93;
				INFOPLIST_FILE = homelib/Info.plist;
				IPHONEOS_DEPLOYMENT_TARGET = 11.2;
				LD_RUNPATH_SEARCH_PATHS = "$(inherited) @executable_path/Frameworks";
				PRODUCT_BUNDLE_IDENTIFIER = com.shalu.homelib;
				PRODUCT_NAME = "$(TARGET_NAME)";
				SWIFT_SWIFT3_OBJC_INFERENCE = On;
				SWIFT_VERSION = 4.0;
				TARGETED_DEVICE_FAMILY = 1;
			};
			name = Debug;
		};
		56199C461F55E6A300F75EBA /* Release */ = {
			isa = XCBuildConfiguration;
			baseConfigurationReference = B2584394D546CC93717D10E4 /* Pods-homelib.release.xcconfig */;
			buildSettings = {
				ASSETCATALOG_COMPILER_APPICON_NAME = AppIcon;
				DEVELOPMENT_TEAM = 8FAL99WJ93;
				INFOPLIST_FILE = homelib/Info.plist;
				IPHONEOS_DEPLOYMENT_TARGET = 11.2;
				LD_RUNPATH_SEARCH_PATHS = "$(inherited) @executable_path/Frameworks";
				PRODUCT_BUNDLE_IDENTIFIER = com.shalu.homelib;
				PRODUCT_NAME = "$(TARGET_NAME)";
				SWIFT_SWIFT3_OBJC_INFERENCE = On;
				SWIFT_VERSION = 4.0;
				TARGETED_DEVICE_FAMILY = 1;
			};
			name = Release;
		};
/* End XCBuildConfiguration section */

/* Begin XCConfigurationList section */
		56199C2A1F55E6A300F75EBA /* Build configuration list for PBXProject "homelib" */ = {
			isa = XCConfigurationList;
			buildConfigurations = (
				56199C421F55E6A300F75EBA /* Debug */,
				56199C431F55E6A300F75EBA /* Release */,
			);
			defaultConfigurationIsVisible = 0;
			defaultConfigurationName = Release;
		};
		56199C441F55E6A300F75EBA /* Build configuration list for PBXNativeTarget "homelib" */ = {
			isa = XCConfigurationList;
			buildConfigurations = (
				56199C451F55E6A300F75EBA /* Debug */,
				56199C461F55E6A300F75EBA /* Release */,
			);
			defaultConfigurationIsVisible = 0;
			defaultConfigurationName = Release;
		};
/* End XCConfigurationList section */

/* Begin XCVersionGroup section */
		56199C391F55E6A300F75EBA /* homelib.xcdatamodeld */ = {
			isa = XCVersionGroup;
			children = (
				56199C3A1F55E6A300F75EBA /* homelib.xcdatamodel */,
			);
			currentVersion = 56199C3A1F55E6A300F75EBA /* homelib.xcdatamodel */;
			path = homelib.xcdatamodeld;
			sourceTree = "<group>";
			versionGroupType = wrapper.xcdatamodel;
		};
/* End XCVersionGroup section */
	};
	rootObject = 56199C271F55E6A300F75EBA /* Project object */;
}
